// !$*UTF8*$!
{
	archiveVersion = 1;
	classes = {
	};
	objectVersion = 50;
	objects = {

/* Begin PBXBuildFile section */
		7CCEEA5922E50B4F002BF1E3 /* AppDelegate.swift in Sources */ = {isa = PBXBuildFile; fileRef = 7CCEEA5822E50B4F002BF1E3 /* AppDelegate.swift */; };
		7CCEEA5B22E50B4F002BF1E3 /* ViewController.swift in Sources */ = {isa = PBXBuildFile; fileRef = 7CCEEA5A22E50B4F002BF1E3 /* ViewController.swift */; };
		7CCEEA5E22E50B4F002BF1E3 /* Main.storyboard in Resources */ = {isa = PBXBuildFile; fileRef = 7CCEEA5C22E50B4F002BF1E3 /* Main.storyboard */; };
		7CCEEA6022E50B52002BF1E3 /* Assets.xcassets in Resources */ = {isa = PBXBuildFile; fileRef = 7CCEEA5F22E50B52002BF1E3 /* Assets.xcassets */; };
		7CCEEA6322E50B52002BF1E3 /* LaunchScreen.storyboard in Resources */ = {isa = PBXBuildFile; fileRef = 7CCEEA6122E50B52002BF1E3 /* LaunchScreen.storyboard */; };
		7CCEEA6E22E50B52002BF1E3 /* ImageClassifierTests.swift in Sources */ = {isa = PBXBuildFile; fileRef = 7CCEEA6D22E50B52002BF1E3 /* ImageClassifierTests.swift */; };
		7CCEEA7922E50B52002BF1E3 /* ImageClassifierUITests.swift in Sources */ = {isa = PBXBuildFile; fileRef = 7CCEEA7822E50B52002BF1E3 /* ImageClassifierUITests.swift */; };
/* End PBXBuildFile section */

/* Begin PBXContainerItemProxy section */
		7CCEEA6A22E50B52002BF1E3 /* PBXContainerItemProxy */ = {
			isa = PBXContainerItemProxy;
			containerPortal = 7CCEEA4D22E50B4F002BF1E3 /* Project object */;
			proxyType = 1;
			remoteGlobalIDString = 7CCEEA5422E50B4F002BF1E3;
			remoteInfo = ImageClassifier;
		};
		7CCEEA7522E50B52002BF1E3 /* PBXContainerItemProxy */ = {
			isa = PBXContainerItemProxy;
			containerPortal = 7CCEEA4D22E50B4F002BF1E3 /* Project object */;
			proxyType = 1;
			remoteGlobalIDString = 7CCEEA5422E50B4F002BF1E3;
			remoteInfo = ImageClassifier;
		};
/* End PBXContainerItemProxy section */

/* Begin PBXFileReference section */
		7CCEEA5522E50B4F002BF1E3 /* ImageClassifier.app */ = {isa = PBXFileReference; explicitFileType = wrapper.application; includeInIndex = 0; path = ImageClassifier.app; sourceTree = BUILT_PRODUCTS_DIR; };
		7CCEEA5822E50B4F002BF1E3 /* AppDelegate.swift */ = {isa = PBXFileReference; lastKnownFileType = sourcecode.swift; path = AppDelegate.swift; sourceTree = "<group>"; };
		7CCEEA5A22E50B4F002BF1E3 /* ViewController.swift */ = {isa = PBXFileReference; lastKnownFileType = sourcecode.swift; path = ViewController.swift; sourceTree = "<group>"; };
		7CCEEA5D22E50B4F002BF1E3 /* Base */ = {isa = PBXFileReference; lastKnownFileType = file.storyboard; name = Base; path = Base.lproj/Main.storyboard; sourceTree = "<group>"; };
		7CCEEA5F22E50B52002BF1E3 /* Assets.xcassets */ = {isa = PBXFileReference; lastKnownFileType = folder.assetcatalog; path = Assets.xcassets; sourceTree = "<group>"; };
		7CCEEA6222E50B52002BF1E3 /* Base */ = {isa = PBXFileReference; lastKnownFileType = file.storyboard; name = Base; path = Base.lproj/LaunchScreen.storyboard; sourceTree = "<group>"; };
		7CCEEA6422E50B52002BF1E3 /* Info.plist */ = {isa = PBXFileReference; lastKnownFileType = text.plist.xml; path = Info.plist; sourceTree = "<group>"; };
		7CCEEA6922E50B52002BF1E3 /* ImageClassifierTests.xctest */ = {isa = PBXFileReference; explicitFileType = wrapper.cfbundle; includeInIndex = 0; path = ImageClassifierTests.xctest; sourceTree = BUILT_PRODUCTS_DIR; };
		7CCEEA6D22E50B52002BF1E3 /* ImageClassifierTests.swift */ = {isa = PBXFileReference; lastKnownFileType = sourcecode.swift; path = ImageClassifierTests.swift; sourceTree = "<group>"; };
		7CCEEA6F22E50B52002BF1E3 /* Info.plist */ = {isa = PBXFileReference; lastKnownFileType = text.plist.xml; path = Info.plist; sourceTree = "<group>"; };
		7CCEEA7422E50B52002BF1E3 /* ImageClassifierUITests.xctest */ = {isa = PBXFileReference; explicitFileType = wrapper.cfbundle; includeInIndex = 0; path = ImageClassifierUITests.xctest; sourceTree = BUILT_PRODUCTS_DIR; };
		7CCEEA7822E50B52002BF1E3 /* ImageClassifierUITests.swift */ = {isa = PBXFileReference; lastKnownFileType = sourcecode.swift; path = ImageClassifierUITests.swift; sourceTree = "<group>"; };
		7CCEEA7A22E50B52002BF1E3 /* Info.plist */ = {isa = PBXFileReference; lastKnownFileType = text.plist.xml; path = Info.plist; sourceTree = "<group>"; };
/* End PBXFileReference section */

/* Begin PBXFrameworksBuildPhase section */
		7CCEEA5222E50B4F002BF1E3 /* Frameworks */ = {
			isa = PBXFrameworksBuildPhase;
			buildActionMask = 2147483647;
			files = (
			);
			runOnlyForDeploymentPostprocessing = 0;
		};
		7CCEEA6622E50B52002BF1E3 /* Frameworks */ = {
			isa = PBXFrameworksBuildPhase;
			buildActionMask = 2147483647;
			files = (
			);
			runOnlyForDeploymentPostprocessing = 0;
		};
		7CCEEA7122E50B52002BF1E3 /* Frameworks */ = {
			isa = PBXFrameworksBuildPhase;
			buildActionMask = 2147483647;
			files = (
			);
			runOnlyForDeploymentPostprocessing = 0;
		};
/* End PBXFrameworksBuildPhase section */

/* Begin PBXGroup section */
		7CCEEA4C22E50B4F002BF1E3 = {
			isa = PBXGroup;
			children = (
				7CCEEA5722E50B4F002BF1E3 /* ImageClassifier */,
				7CCEEA6C22E50B52002BF1E3 /* ImageClassifierTests */,
				7CCEEA7722E50B52002BF1E3 /* ImageClassifierUITests */,
				7CCEEA5622E50B4F002BF1E3 /* Products */,
			);
			sourceTree = "<group>";
		};
		7CCEEA5622E50B4F002BF1E3 /* Products */ = {
			isa = PBXGroup;
			children = (
				7CCEEA5522E50B4F002BF1E3 /* ImageClassifier.app */,
				7CCEEA6922E50B52002BF1E3 /* ImageClassifierTests.xctest */,
				7CCEEA7422E50B52002BF1E3 /* ImageClassifierUITests.xctest */,
			);
			name = Products;
			sourceTree = "<group>";
		};
		7CCEEA5722E50B4F002BF1E3 /* ImageClassifier */ = {
			isa = PBXGroup;
			children = (
				7CCEEA5822E50B4F002BF1E3 /* AppDelegate.swift */,
				7CCEEA5A22E50B4F002BF1E3 /* ViewController.swift */,
				7CCEEA5C22E50B4F002BF1E3 /* Main.storyboard */,
				7CCEEA5F22E50B52002BF1E3 /* Assets.xcassets */,
				7CCEEA6122E50B52002BF1E3 /* LaunchScreen.storyboard */,
				7CCEEA6422E50B52002BF1E3 /* Info.plist */,
			);
			path = ImageClassifier;
			sourceTree = "<group>";
		};
		7CCEEA6C22E50B52002BF1E3 /* ImageClassifierTests */ = {
			isa = PBXGroup;
			children = (
				7CCEEA6D22E50B52002BF1E3 /* ImageClassifierTests.swift */,
				7CCEEA6F22E50B52002BF1E3 /* Info.plist */,
			);
			path = ImageClassifierTests;
			sourceTree = "<group>";
		};
		7CCEEA7722E50B52002BF1E3 /* ImageClassifierUITests */ = {
			isa = PBXGroup;
			children = (
				7CCEEA7822E50B52002BF1E3 /* ImageClassifierUITests.swift */,
				7CCEEA7A22E50B52002BF1E3 /* Info.plist */,
			);
			path = ImageClassifierUITests;
			sourceTree = "<group>";
		};
/* End PBXGroup section */

/* Begin PBXNativeTarget section */
		7CCEEA5422E50B4F002BF1E3 /* ImageClassifier */ = {
			isa = PBXNativeTarget;
			buildConfigurationList = 7CCEEA7D22E50B52002BF1E3 /* Build configuration list for PBXNativeTarget "ImageClassifier" */;
			buildPhases = (
				7CCEEA5122E50B4F002BF1E3 /* Sources */,
				7CCEEA5222E50B4F002BF1E3 /* Frameworks */,
				7CCEEA5322E50B4F002BF1E3 /* Resources */,
			);
			buildRules = (
			);
			dependencies = (
			);
			name = ImageClassifier;
			productName = ImageClassifier;
			productReference = 7CCEEA5522E50B4F002BF1E3 /* ImageClassifier.app */;
			productType = "com.apple.product-type.application";
		};
		7CCEEA6822E50B52002BF1E3 /* ImageClassifierTests */ = {
			isa = PBXNativeTarget;
			buildConfigurationList = 7CCEEA8022E50B52002BF1E3 /* Build configuration list for PBXNativeTarget "ImageClassifierTests" */;
			buildPhases = (
				7CCEEA6522E50B52002BF1E3 /* Sources */,
				7CCEEA6622E50B52002BF1E3 /* Frameworks */,
				7CCEEA6722E50B52002BF1E3 /* Resources */,
			);
			buildRules = (
			);
			dependencies = (
				7CCEEA6B22E50B52002BF1E3 /* PBXTargetDependency */,
			);
			name = ImageClassifierTests;
			productName = ImageClassifierTests;
			productReference = 7CCEEA6922E50B52002BF1E3 /* ImageClassifierTests.xctest */;
			productType = "com.apple.product-type.bundle.unit-test";
		};
		7CCEEA7322E50B52002BF1E3 /* ImageClassifierUITests */ = {
			isa = PBXNativeTarget;
			buildConfigurationList = 7CCEEA8322E50B52002BF1E3 /* Build configuration list for PBXNativeTarget "ImageClassifierUITests" */;
			buildPhases = (
				7CCEEA7022E50B52002BF1E3 /* Sources */,
				7CCEEA7122E50B52002BF1E3 /* Frameworks */,
				7CCEEA7222E50B52002BF1E3 /* Resources */,
			);
			buildRules = (
			);
			dependencies = (
				7CCEEA7622E50B52002BF1E3 /* PBXTargetDependency */,
			);
			name = ImageClassifierUITests;
			productName = ImageClassifierUITests;
			productReference = 7CCEEA7422E50B52002BF1E3 /* ImageClassifierUITests.xctest */;
			productType = "com.apple.product-type.bundle.ui-testing";
		};
/* End PBXNativeTarget section */

/* Begin PBXProject section */
		7CCEEA4D22E50B4F002BF1E3 /* Project object */ = {
			isa = PBXProject;
			attributes = {
				LastSwiftUpdateCheck = 1020;
				LastUpgradeCheck = 1020;
				ORGANIZATIONNAME = "Anmol Sakarda";
				TargetAttributes = {
					7CCEEA5422E50B4F002BF1E3 = {
						CreatedOnToolsVersion = 10.2.1;
					};
					7CCEEA6822E50B52002BF1E3 = {
						CreatedOnToolsVersion = 10.2.1;
						TestTargetID = 7CCEEA5422E50B4F002BF1E3;
					};
					7CCEEA7322E50B52002BF1E3 = {
						CreatedOnToolsVersion = 10.2.1;
						TestTargetID = 7CCEEA5422E50B4F002BF1E3;
					};
				};
			};
			buildConfigurationList = 7CCEEA5022E50B4F002BF1E3 /* Build configuration list for PBXProject "ImageClassifier" */;
			compatibilityVersion = "Xcode 9.3";
			developmentRegion = en;
			hasScannedForEncodings = 0;
			knownRegions = (
				en,
				Base,
			);
			mainGroup = 7CCEEA4C22E50B4F002BF1E3;
			productRefGroup = 7CCEEA5622E50B4F002BF1E3 /* Products */;
			projectDirPath = "";
			projectRoot = "";
			targets = (
				7CCEEA5422E50B4F002BF1E3 /* ImageClassifier */,
				7CCEEA6822E50B52002BF1E3 /* ImageClassifierTests */,
				7CCEEA7322E50B52002BF1E3 /* ImageClassifierUITests */,
			);
		};
/* End PBXProject section */

/* Begin PBXResourcesBuildPhase section */
		7CCEEA5322E50B4F002BF1E3 /* Resources */ = {
			isa = PBXResourcesBuildPhase;
			buildActionMask = 2147483647;
			files = (
				7CCEEA6322E50B52002BF1E3 /* LaunchScreen.storyboard in Resources */,
				7CCEEA6022E50B52002BF1E3 /* Assets.xcassets in Resources */,
				7CCEEA5E22E50B4F002BF1E3 /* Main.storyboard in Resources */,
			);
			runOnlyForDeploymentPostprocessing = 0;
		};
		7CCEEA6722E50B52002BF1E3 /* Resources */ = {
			isa = PBXResourcesBuildPhase;
			buildActionMask = 2147483647;
			files = (
			);
			runOnlyForDeploymentPostprocessing = 0;
		};
		7CCEEA7222E50B52002BF1E3 /* Resources */ = {
			isa = PBXResourcesBuildPhase;
			buildActionMask = 2147483647;
			files = (
			);
			runOnlyForDeploymentPostprocessing = 0;
		};
/* End PBXResourcesBuildPhase section */

/* Begin PBXSourcesBuildPhase section */
		7CCEEA5122E50B4F002BF1E3 /* Sources */ = {
			isa = PBXSourcesBuildPhase;
			buildActionMask = 2147483647;
			files = (
				7CCEEA5B22E50B4F002BF1E3 /* ViewController.swift in Sources */,
				7CCEEA5922E50B4F002BF1E3 /* AppDelegate.swift in Sources */,
			);
			runOnlyForDeploymentPostprocessing = 0;
		};
		7CCEEA6522E50B52002BF1E3 /* Sources */ = {
			isa = PBXSourcesBuildPhase;
			buildActionMask = 2147483647;
			files = (
				7CCEEA6E22E50B52002BF1E3 /* ImageClassifierTests.swift in Sources */,
			);
			runOnlyForDeploymentPostprocessing = 0;
		};
		7CCEEA7022E50B52002BF1E3 /* Sources */ = {
			isa = PBXSourcesBuildPhase;
			buildActionMask = 2147483647;
			files = (
				7CCEEA7922E50B52002BF1E3 /* ImageClassifierUITests.swift in Sources */,
			);
			runOnlyForDeploymentPostprocessing = 0;
		};
/* End PBXSourcesBuildPhase section */

/* Begin PBXTargetDependency section */
		7CCEEA6B22E50B52002BF1E3 /* PBXTargetDependency */ = {
			isa = PBXTargetDependency;
			target = 7CCEEA5422E50B4F002BF1E3 /* ImageClassifier */;
			targetProxy = 7CCEEA6A22E50B52002BF1E3 /* PBXContainerItemProxy */;
		};
		7CCEEA7622E50B52002BF1E3 /* PBXTargetDependency */ = {
			isa = PBXTargetDependency;
			target = 7CCEEA5422E50B4F002BF1E3 /* ImageClassifier */;
			targetProxy = 7CCEEA7522E50B52002BF1E3 /* PBXContainerItemProxy */;
		};
/* End PBXTargetDependency section */

/* Begin PBXVariantGroup section */
		7CCEEA5C22E50B4F002BF1E3 /* Main.storyboard */ = {
			isa = PBXVariantGroup;
			children = (
				7CCEEA5D22E50B4F002BF1E3 /* Base */,
			);
			name = Main.storyboard;
			sourceTree = "<group>";
		};
		7CCEEA6122E50B52002BF1E3 /* LaunchScreen.storyboard */ = {
			isa = PBXVariantGroup;
			children = (
				7CCEEA6222E50B52002BF1E3 /* Base */,
			);
			name = LaunchScreen.storyboard;
			sourceTree = "<group>";
		};
/* End PBXVariantGroup section */

/* Begin XCBuildConfiguration section */
		7CCEEA7B22E50B52002BF1E3 /* Debug */ = {
			isa = XCBuildConfiguration;
			buildSettings = {
				ALWAYS_SEARCH_USER_PATHS = NO;
				CLANG_ANALYZER_NONNULL = YES;
				CLANG_ANALYZER_NUMBER_OBJECT_CONVERSION = YES_AGGRESSIVE;
				CLANG_CXX_LANGUAGE_STANDARD = "gnu++14";
				CLANG_CXX_LIBRARY = "libc++";
				CLANG_ENABLE_MODULES = YES;
				CLANG_ENABLE_OBJC_ARC = YES;
				CLANG_ENABLE_OBJC_WEAK = YES;
				CLANG_WARN_BLOCK_CAPTURE_AUTORELEASING = YES;
				CLANG_WARN_BOOL_CONVERSION = YES;
				CLANG_WARN_COMMA = YES;
				CLANG_WARN_CONSTANT_CONVERSION = YES;
				CLANG_WARN_DEPRECATED_OBJC_IMPLEMENTATIONS = YES;
				CLANG_WARN_DIRECT_OBJC_ISA_USAGE = YES_ERROR;
				CLANG_WARN_DOCUMENTATION_COMMENTS = YES;
				CLANG_WARN_EMPTY_BODY = YES;
				CLANG_WARN_ENUM_CONVERSION = YES;
				CLANG_WARN_INFINITE_RECURSION = YES;
				CLANG_WARN_INT_CONVERSION = YES;
				CLANG_WARN_NON_LITERAL_NULL_CONVERSION = YES;
				CLANG_WARN_OBJC_IMPLICIT_RETAIN_SELF = YES;
				CLANG_WARN_OBJC_LITERAL_CONVERSION = YES;
				CLANG_WARN_OBJC_ROOT_CLASS = YES_ERROR;
				CLANG_WARN_RANGE_LOOP_ANALYSIS = YES;
				CLANG_WARN_STRICT_PROTOTYPES = YES;
				CLANG_WARN_SUSPICIOUS_MOVE = YES;
				CLANG_WARN_UNGUARDED_AVAILABILITY = YES_AGGRESSIVE;
				CLANG_WARN_UNREACHABLE_CODE = YES;
				CLANG_WARN__DUPLICATE_METHOD_MATCH = YES;
				CODE_SIGN_IDENTITY = "iPhone Developer";
				COPY_PHASE_STRIP = NO;
				DEBUG_INFORMATION_FORMAT = dwarf;
				ENABLE_STRICT_OBJC_MSGSEND = YES;
				ENABLE_TESTABILITY = YES;
				GCC_C_LANGUAGE_STANDARD = gnu11;
				GCC_DYNAMIC_NO_PIC = NO;
				GCC_NO_COMMON_BLOCKS = YES;
				GCC_OPTIMIZATION_LEVEL = 0;
				GCC_PREPROCESSOR_DEFINITIONS = (
					"DEBUG=1",
					"$(inherited)",
				);
				GCC_WARN_64_TO_32_BIT_CONVERSION = YES;
				GCC_WARN_ABOUT_RETURN_TYPE = YES_ERROR;
				GCC_WARN_UNDECLARED_SELECTOR = YES;
				GCC_WARN_UNINITIALIZED_AUTOS = YES_AGGRESSIVE;
				GCC_WARN_UNUSED_FUNCTION = YES;
				GCC_WARN_UNUSED_VARIABLE = YES;
				IPHONEOS_DEPLOYMENT_TARGET = 12.2;
				MTL_ENABLE_DEBUG_INFO = INCLUDE_SOURCE;
				MTL_FAST_MATH = YES;
				ONLY_ACTIVE_ARCH = YES;
				SDKROOT = iphoneos;
				SWIFT_ACTIVE_COMPILATION_CONDITIONS = DEBUG;
				SWIFT_OPTIMIZATION_LEVEL = "-Onone";
			};
			name = Debug;
		};
		7CCEEA7C22E50B52002BF1E3 /* Release */ = {
			isa = XCBuildConfiguration;
			buildSettings = {
				ALWAYS_SEARCH_USER_PATHS = NO;
				CLANG_ANALYZER_NONNULL = YES;
				CLANG_ANALYZER_NUMBER_OBJECT_CONVERSION = YES_AGGRESSIVE;
				CLANG_CXX_LANGUAGE_STANDARD = "gnu++14";
				CLANG_CXX_LIBRARY = "libc++";
				CLANG_ENABLE_MODULES = YES;
				CLANG_ENABLE_OBJC_ARC = YES;
				CLANG_ENABLE_OBJC_WEAK = YES;
				CLANG_WARN_BLOCK_CAPTURE_AUTORELEASING = YES;
				CLANG_WARN_BOOL_CONVERSION = YES;
				CLANG_WARN_COMMA = YES;
				CLANG_WARN_CONSTANT_CONVERSION = YES;
				CLANG_WARN_DEPRECATED_OBJC_IMPLEMENTATIONS = YES;
				CLANG_WARN_DIRECT_OBJC_ISA_USAGE = YES_ERROR;
				CLANG_WARN_DOCUMENTATION_COMMENTS = YES;
				CLANG_WARN_EMPTY_BODY = YES;
				CLANG_WARN_ENUM_CONVERSION = YES;
				CLANG_WARN_INFINITE_RECURSION = YES;
				CLANG_WARN_INT_CONVERSION = YES;
				CLANG_WARN_NON_LITERAL_NULL_CONVERSION = YES;
				CLANG_WARN_OBJC_IMPLICIT_RETAIN_SELF = YES;
				CLANG_WARN_OBJC_LITERAL_CONVERSION = YES;
				CLANG_WARN_OBJC_ROOT_CLASS = YES_ERROR;
				CLANG_WARN_RANGE_LOOP_ANALYSIS = YES;
				CLANG_WARN_STRICT_PROTOTYPES = YES;
				CLANG_WARN_SUSPICIOUS_MOVE = YES;
				CLANG_WARN_UNGUARDED_AVAILABILITY = YES_AGGRESSIVE;
				CLANG_WARN_UNREACHABLE_CODE = YES;
				CLANG_WARN__DUPLICATE_METHOD_MATCH = YES;
				CODE_SIGN_IDENTITY = "iPhone Developer";
				COPY_PHASE_STRIP = NO;
				DEBUG_INFORMATION_FORMAT = "dwarf-with-dsym";
				ENABLE_NS_ASSERTIONS = NO;
				ENABLE_STRICT_OBJC_MSGSEND = YES;
				GCC_C_LANGUAGE_STANDARD = gnu11;
				GCC_NO_COMMON_BLOCKS = YES;
				GCC_WARN_64_TO_32_BIT_CONVERSION = YES;
				GCC_WARN_ABOUT_RETURN_TYPE = YES_ERROR;
				GCC_WARN_UNDECLARED_SELECTOR = YES;
				GCC_WARN_UNINITIALIZED_AUTOS = YES_AGGRESSIVE;
				GCC_WARN_UNUSED_FUNCTION = YES;
				GCC_WARN_UNUSED_VARIABLE = YES;
				IPHONEOS_DEPLOYMENT_TARGET = 12.2;
				MTL_ENABLE_DEBUG_INFO = NO;
				MTL_FAST_MATH = YES;
				SDKROOT = iphoneos;
				SWIFT_COMPILATION_MODE = wholemodule;
				SWIFT_OPTIMIZATION_LEVEL = "-O";
				VALIDATE_PRODUCT = YES;
			};
			name = Release;
		};
		7CCEEA7E22E50B52002BF1E3 /* Debug */ = {
			isa = XCBuildConfiguration;
			buildSettings = {
				ASSETCATALOG_COMPILER_APPICON_NAME = AppIcon;
				CODE_SIGN_STYLE = Automatic;
				INFOPLIST_FILE = ImageClassifier/Info.plist;
				LD_RUNPATH_SEARCH_PATHS = (
					"$(inherited)",
					"@executable_path/Frameworks",
				);
				PRODUCT_BUNDLE_IDENTIFIER = asakarda.ImageClassifier;
				PRODUCT_NAME = "$(TARGET_NAME)";
				SWIFT_VERSION = 5.0;
				TARGETED_DEVICE_FAMILY = "1,2";
			};
			name = Debug;
		};
		7CCEEA7F22E50B52002BF1E3 /* Release */ = {
			isa = XCBuildConfiguration;
			buildSettings = {
				ASSETCATALOG_COMPILER_APPICON_NAME = AppIcon;
				CODE_SIGN_STYLE = Automatic;
				INFOPLIST_FILE = ImageClassifier/Info.plist;
				LD_RUNPATH_SEARCH_PATHS = (
					"$(inherited)",
					"@executable_path/Frameworks",
				);
				PRODUCT_BUNDLE_IDENTIFIER = asakarda.ImageClassifier;
				PRODUCT_NAME = "$(TARGET_NAME)";
				SWIFT_VERSION = 5.0;
				TARGETED_DEVICE_FAMILY = "1,2";
			};
			name = Release;
		};
		7CCEEA8122E50B52002BF1E3 /* Debug */ = {
			isa = XCBuildConfiguration;
			buildSettings = {
				ALWAYS_EMBED_SWIFT_STANDARD_LIBRARIES = YES;
				BUNDLE_LOADER = "$(TEST_HOST)";
				CODE_SIGN_STYLE = Automatic;
				INFOPLIST_FILE = ImageClassifierTests/Info.plist;
				LD_RUNPATH_SEARCH_PATHS = (
					"$(inherited)",
					"@executable_path/Frameworks",
					"@loader_path/Frameworks",
				);
				PRODUCT_BUNDLE_IDENTIFIER = asakarda.ImageClassifierTests;
				PRODUCT_NAME = "$(TARGET_NAME)";
				SWIFT_VERSION = 5.0;
				TARGETED_DEVICE_FAMILY = "1,2";
				TEST_HOST = "$(BUILT_PRODUCTS_DIR)/ImageClassifier.app/ImageClassifier";
			};
			name = Debug;
		};
		7CCEEA8222E50B52002BF1E3 /* Release */ = {
			isa = XCBuildConfiguration;
			buildSettings = {
				ALWAYS_EMBED_SWIFT_STANDARD_LIBRARIES = YES;
				BUNDLE_LOADER = "$(TEST_HOST)";
				CODE_SIGN_STYLE = Automatic;
				INFOPLIST_FILE = ImageClassifierTests/Info.plist;
				LD_RUNPATH_SEARCH_PATHS = (
					"$(inherited)",
					"@executable_path/Frameworks",
					"@loader_path/Frameworks",
				);
				PRODUCT_BUNDLE_IDENTIFIER = asakarda.ImageClassifierTests;
				PRODUCT_NAME = "$(TARGET_NAME)";
				SWIFT_VERSION = 5.0;
				TARGETED_DEVICE_FAMILY = "1,2";
				TEST_HOST = "$(BUILT_PRODUCTS_DIR)/ImageClassifier.app/ImageClassifier";
			};
			name = Release;
		};
		7CCEEA8422E50B52002BF1E3 /* Debug */ = {
			isa = XCBuildConfiguration;
			buildSettings = {
				ALWAYS_EMBED_SWIFT_STANDARD_LIBRARIES = YES;
				CODE_SIGN_STYLE = Automatic;
				INFOPLIST_FILE = ImageClassifierUITests/Info.plist;
				LD_RUNPATH_SEARCH_PATHS = (
					"$(inherited)",
					"@executable_path/Frameworks",
					"@loader_path/Frameworks",
				);
				PRODUCT_BUNDLE_IDENTIFIER = asakarda.ImageClassifierUITests;
				PRODUCT_NAME = "$(TARGET_NAME)";
				SWIFT_VERSION = 5.0;
				TARGETED_DEVICE_FAMILY = "1,2";
				TEST_TARGET_NAME = ImageClassifier;
			};
			name = Debug;
		};
		7CCEEA8522E50B52002BF1E3 /* Release */ = {
			isa = XCBuildConfiguration;
			buildSettings = {
				ALWAYS_EMBED_SWIFT_STANDARD_LIBRARIES = YES;
				CODE_SIGN_STYLE = Automatic;
				INFOPLIST_FILE = ImageClassifierUITests/Info.plist;
				LD_RUNPATH_SEARCH_PATHS = (
					"$(inherited)",
					"@executable_path/Frameworks",
					"@loader_path/Frameworks",
				);
				PRODUCT_BUNDLE_IDENTIFIER = asakarda.ImageClassifierUITests;
				PRODUCT_NAME = "$(TARGET_NAME)";
				SWIFT_VERSION = 5.0;
				TARGETED_DEVICE_FAMILY = "1,2";
				TEST_TARGET_NAME = ImageClassifier;
			};
			name = Release;
		};
/* End XCBuildConfiguration section */

/* Begin XCConfigurationList section */
		7CCEEA5022E50B4F002BF1E3 /* Build configuration list for PBXProject "ImageClassifier" */ = {
			isa = XCConfigurationList;
			buildConfigurations = (
				7CCEEA7B22E50B52002BF1E3 /* Debug */,
				7CCEEA7C22E50B52002BF1E3 /* Release */,
			);
			defaultConfigurationIsVisible = 0;
			defaultConfigurationName = Release;
		};
		7CCEEA7D22E50B52002BF1E3 /* Build configuration list for PBXNativeTarget "ImageClassifier" */ = {
			isa = XCConfigurationList;
			buildConfigurations = (
				7CCEEA7E22E50B52002BF1E3 /* Debug */,
				7CCEEA7F22E50B52002BF1E3 /* Release */,
			);
			defaultConfigurationIsVisible = 0;
			defaultConfigurationName = Release;
		};
		7CCEEA8022E50B52002BF1E3 /* Build configuration list for PBXNativeTarget "ImageClassifierTests" */ = {
			isa = XCConfigurationList;
			buildConfigurations = (
				7CCEEA8122E50B52002BF1E3 /* Debug */,
				7CCEEA8222E50B52002BF1E3 /* Release */,
			);
			defaultConfigurationIsVisible = 0;
			defaultConfigurationName = Release;
		};
		7CCEEA8322E50B52002BF1E3 /* Build configuration list for PBXNativeTarget "ImageClassifierUITests" */ = {
			isa = XCConfigurationList;
			buildConfigurations = (
				7CCEEA8422E50B52002BF1E3 /* Debug */,
				7CCEEA8522E50B52002BF1E3 /* Release */,
			);
			defaultConfigurationIsVisible = 0;
			defaultConfigurationName = Release;
		};
/* End XCConfigurationList section */
	};
	rootObject = 7CCEEA4D22E50B4F002BF1E3 /* Project object */;
}
